
Microsoft Visual Studio Solution File, Format Version 12.00
# Visual Studio Version 17
VisualStudioVersion = 17.5.33530.505
MinimumVisualStudioVersion = 10.0.40219.1
Project("{9A19103F-16F7-4668-BE54-9A1E7A4F7556}") = "P013EStore.MVCUI", "P013EStore.MVCUI\P013EStore.MVCUI.csproj", "{7265C673-784A-44EC-AEFB-26D669DA6D1F}"
EndProject
Project("{9A19103F-16F7-4668-BE54-9A1E7A4F7556}") = "P013EStore.Core", "P013EStore.Core\P013EStore.Core.csproj", "{08226071-8068-4ECC-BB8E-FE72F2252D20}"
EndProject
Project("{9A19103F-16F7-4668-BE54-9A1E7A4F7556}") = "P013EStore.Data", "P013EStore.Data\P013EStore.Data.csproj", "{171329B9-8561-4328-B45E-214589A13D62}"
EndProject
Project("{9A19103F-16F7-4668-BE54-9A1E7A4F7556}") = "P013EStore.Service", "P013EStore.Service\P013EStore.Service.csproj", "{C17351D2-AC70-4C17-B45C-F11079108477}"
EndProject
Project("{9A19103F-16F7-4668-BE54-9A1E7A4F7556}") = "P013EStore.WebAPI", "P013EStore.WebAPI\P013EStore.WebAPI.csproj", "{31F6FE4E-761D-41DE-A519-D48B3C170DA6}"
EndProject
Project("{FAE04EC0-301F-11D3-BF4B-00C04F79EFBC}") = "P013EStore.WebAPIUsing", "P013EStore.WebAPIUsing\P013EStore.WebAPIUsing.csproj", "{6241176C-9B7E-4E5A-AF9C-499B6539ECFC}"
EndProject
Global
	GlobalSection(SolutionConfigurationPlatforms) = preSolution
		Debug|Any CPU = Debug|Any CPU
		Release|Any CPU = Release|Any CPU
	EndGlobalSection
	GlobalSection(ProjectConfigurationPlatforms) = postSolution
		{7265C673-784A-44EC-AEFB-26D669DA6D1F}.Debug|Any CPU.ActiveCfg = Debug|Any CPU
		{7265C673-784A-44EC-AEFB-26D669DA6D1F}.Debug|Any CPU.Build.0 = Debug|Any CPU
		{7265C673-784A-44EC-AEFB-26D669DA6D1F}.Release|Any CPU.ActiveCfg = Release|Any CPU
		{7265C673-784A-44EC-AEFB-26D669DA6D1F}.Release|Any CPU.Build.0 = Release|Any CPU
		{08226071-8068-4ECC-BB8E-FE72F2252D20}.Debug|Any CPU.ActiveCfg = Debug|Any CPU
		{08226071-8068-4ECC-BB8E-FE72F2252D20}.Debug|Any CPU.Build.0 = Debug|Any CPU
		{08226071-8068-4ECC-BB8E-FE72F2252D20}.Release|Any CPU.ActiveCfg = Release|Any CPU
		{08226071-8068-4ECC-BB8E-FE72F2252D20}.Release|Any CPU.Build.0 = Release|Any CPU
		{171329B9-8561-4328-B45E-214589A13D62}.Debug|Any CPU.ActiveCfg = Debug|Any CPU
		{171329B9-8561-4328-B45E-214589A13D62}.Debug|Any CPU.Build.0 = Debug|Any CPU
		{171329B9-8561-4328-B45E-214589A13D62}.Release|Any CPU.ActiveCfg = Release|Any CPU
		{171329B9-8561-4328-B45E-214589A13D62}.Release|Any CPU.Build.0 = Release|Any CPU
		{C17351D2-AC70-4C17-B45C-F11079108477}.Debug|Any CPU.ActiveCfg = Debug|Any CPU
		{C17351D2-AC70-4C17-B45C-F11079108477}.Debug|Any CPU.Build.0 = Debug|Any CPU
		{C17351D2-AC70-4C17-B45C-F11079108477}.Release|Any CPU.ActiveCfg = Release|Any CPU
		{C17351D2-AC70-4C17-B45C-F11079108477}.Release|Any CPU.Build.0 = Release|Any CPU
		{31F6FE4E-761D-41DE-A519-D48B3C170DA6}.Debug|Any CPU.ActiveCfg = Debug|Any CPU
		{31F6FE4E-761D-41DE-A519-D48B3C170DA6}.Debug|Any CPU.Build.0 = Debug|Any CPU
		{31F6FE4E-761D-41DE-A519-D48B3C170DA6}.Release|Any CPU.ActiveCfg = Release|Any CPU
		{31F6FE4E-761D-41DE-A519-D48B3C170DA6}.Release|Any CPU.Build.0 = Release|Any CPU
		{6241176C-9B7E-4E5A-AF9C-499B6539ECFC}.Debug|Any CPU.ActiveCfg = Debug|Any CPU
		{6241176C-9B7E-4E5A-AF9C-499B6539ECFC}.Debug|Any CPU.Build.0 = Debug|Any CPU
		{6241176C-9B7E-4E5A-AF9C-499B6539ECFC}.Release|Any CPU.ActiveCfg = Release|Any CPU
		{6241176C-9B7E-4E5A-AF9C-499B6539ECFC}.Release|Any CPU.Build.0 = Release|Any CPU
	EndGlobalSection
	GlobalSection(SolutionProperties) = preSolution
		HideSolutionNode = FALSE
	EndGlobalSection
	GlobalSection(ExtensibilityGlobals) = postSolution
		SolutionGuid = {386EB27F-7054-4AF4-B343-2CDF30142233}
	EndGlobalSection
EndGlobal
